
Microsoft Visual Studio Solution File, Format Version 12.00
# Visual Studio Version 17
VisualStudioVersion = 17.0.32112.339
MinimumVisualStudioVersion = 10.0.40219.1
Project("{FAE04EC0-301F-11D3-BF4B-00C04F79EFBC}") = "Calculadora_Alonso", "Calculadora_Alonso\Calculadora_Alonso.csproj", "{335E585A-C9CD-4B74-8494-5EEB522A9CCE}"
EndProject
Global
	GlobalSection(SolutionConfigurationPlatforms) = preSolution
		Debug|Any CPU = Debug|Any CPU
		Release|Any CPU = Release|Any CPU
	EndGlobalSection
	GlobalSection(ProjectConfigurationPlatforms) = postSolution
		{335E585A-C9CD-4B74-8494-5EEB522A9CCE}.Debug|Any CPU.ActiveCfg = Debug|Any CPU
		{335E585A-C9CD-4B74-8494-5EEB522A9CCE}.Debug|Any CPU.Build.0 = Debug|Any CPU
		{335E585A-C9CD-4B74-8494-5EEB522A9CCE}.Release|Any CPU.ActiveCfg = Release|Any CPU
		{335E585A-C9CD-4B74-8494-5EEB522A9CCE}.Release|Any CPU.Build.0 = Release|Any CPU
	EndGlobalSection
	GlobalSection(SolutionProperties) = preSolution
		HideSolutionNode = FALSE
	EndGlobalSection
	GlobalSection(ExtensibilityGlobals) = postSolution
		SolutionGuid = {68650C9A-B84D-45A9-A896-7ADE28A2C6F6}
	EndGlobalSection
EndGlobal
